// !$*UTF8*$!
{
	archiveVersion = 1;
	classes = {
	};
	objectVersion = 50;
	objects = {

/* Begin PBXBuildFile section */
		04943E19E37C85D67BF64844 /* Pods_FlixTests.framework in Frameworks */ = {isa = PBXBuildFile; fileRef = 5679B0C84CD424306945ADD6 /* Pods_FlixTests.framework */; };
		119AF23C7923952C395DB7FE /* Pods_Flix.framework in Frameworks */ = {isa = PBXBuildFile; fileRef = 0B890B737C1AB108457EDA5B /* Pods_Flix.framework */; };
		9B4548CB27AE13AA00EFBD55 /* AppDelegate.swift in Sources */ = {isa = PBXBuildFile; fileRef = 9B4548CA27AE13AA00EFBD55 /* AppDelegate.swift */; };
		9B4548CD27AE13AA00EFBD55 /* SceneDelegate.swift in Sources */ = {isa = PBXBuildFile; fileRef = 9B4548CC27AE13AA00EFBD55 /* SceneDelegate.swift */; };
		9B4548CF27AE13AA00EFBD55 /* ViewController.swift in Sources */ = {isa = PBXBuildFile; fileRef = 9B4548CE27AE13AA00EFBD55 /* ViewController.swift */; };
		9B4548D227AE13AA00EFBD55 /* Main.storyboard in Resources */ = {isa = PBXBuildFile; fileRef = 9B4548D027AE13AA00EFBD55 /* Main.storyboard */; };
		9B4548D427AE13AC00EFBD55 /* Assets.xcassets in Resources */ = {isa = PBXBuildFile; fileRef = 9B4548D327AE13AC00EFBD55 /* Assets.xcassets */; };
		9B4548D727AE13AC00EFBD55 /* LaunchScreen.storyboard in Resources */ = {isa = PBXBuildFile; fileRef = 9B4548D527AE13AC00EFBD55 /* LaunchScreen.storyboard */; };
		9B4548E227AE13AC00EFBD55 /* FlixTests.swift in Sources */ = {isa = PBXBuildFile; fileRef = 9B4548E127AE13AC00EFBD55 /* FlixTests.swift */; };
		9B4548ED27AE13AC00EFBD55 /* FlixUITests.swift in Sources */ = {isa = PBXBuildFile; fileRef = 9B4548EC27AE13AC00EFBD55 /* FlixUITests.swift */; };
		9B518CCB27B5E36100BEE36F /* MovieCell.swift in Sources */ = {isa = PBXBuildFile; fileRef = 9B518CCA27B5E36100BEE36F /* MovieCell.swift */; };
		FDF5D710635EF41890834BC4 /* Pods_Flix_FlixUITests.framework in Frameworks */ = {isa = PBXBuildFile; fileRef = 7976FAC0EEE5C434CD44F278 /* Pods_Flix_FlixUITests.framework */; };
/* End PBXBuildFile section */

/* Begin PBXContainerItemProxy section */
		9B4548DE27AE13AC00EFBD55 /* PBXContainerItemProxy */ = {
			isa = PBXContainerItemProxy;
			containerPortal = 9B4548BF27AE13A900EFBD55 /* Project object */;
			proxyType = 1;
			remoteGlobalIDString = 9B4548C627AE13AA00EFBD55;
			remoteInfo = Flix;
		};
		9B4548E927AE13AC00EFBD55 /* PBXContainerItemProxy */ = {
			isa = PBXContainerItemProxy;
			containerPortal = 9B4548BF27AE13A900EFBD55 /* Project object */;
			proxyType = 1;
			remoteGlobalIDString = 9B4548C627AE13AA00EFBD55;
			remoteInfo = Flix;
		};
/* End PBXContainerItemProxy section */

/* Begin PBXFileReference section */
		0B890B737C1AB108457EDA5B /* Pods_Flix.framework */ = {isa = PBXFileReference; explicitFileType = wrapper.framework; includeInIndex = 0; path = Pods_Flix.framework; sourceTree = BUILT_PRODUCTS_DIR; };
		54EECDC0759CFBC417871F7F /* Pods-Flix.debug.xcconfig */ = {isa = PBXFileReference; includeInIndex = 1; lastKnownFileType = text.xcconfig; name = "Pods-Flix.debug.xcconfig"; path = "Target Support Files/Pods-Flix/Pods-Flix.debug.xcconfig"; sourceTree = "<group>"; };
		5679B0C84CD424306945ADD6 /* Pods_FlixTests.framework */ = {isa = PBXFileReference; explicitFileType = wrapper.framework; includeInIndex = 0; path = Pods_FlixTests.framework; sourceTree = BUILT_PRODUCTS_DIR; };
		7976FAC0EEE5C434CD44F278 /* Pods_Flix_FlixUITests.framework */ = {isa = PBXFileReference; explicitFileType = wrapper.framework; includeInIndex = 0; path = Pods_Flix_FlixUITests.framework; sourceTree = BUILT_PRODUCTS_DIR; };
		9184CE23E34AADBAD1190659 /* Pods-FlixTests.debug.xcconfig */ = {isa = PBXFileReference; includeInIndex = 1; lastKnownFileType = text.xcconfig; name = "Pods-FlixTests.debug.xcconfig"; path = "Target Support Files/Pods-FlixTests/Pods-FlixTests.debug.xcconfig"; sourceTree = "<group>"; };
		9B4548C727AE13AA00EFBD55 /* Flix.app */ = {isa = PBXFileReference; explicitFileType = wrapper.application; includeInIndex = 0; path = Flix.app; sourceTree = BUILT_PRODUCTS_DIR; };
		9B4548CA27AE13AA00EFBD55 /* AppDelegate.swift */ = {isa = PBXFileReference; lastKnownFileType = sourcecode.swift; path = AppDelegate.swift; sourceTree = "<group>"; };
		9B4548CC27AE13AA00EFBD55 /* SceneDelegate.swift */ = {isa = PBXFileReference; lastKnownFileType = sourcecode.swift; path = SceneDelegate.swift; sourceTree = "<group>"; };
		9B4548CE27AE13AA00EFBD55 /* ViewController.swift */ = {isa = PBXFileReference; lastKnownFileType = sourcecode.swift; path = ViewController.swift; sourceTree = "<group>"; };
		9B4548D127AE13AA00EFBD55 /* Base */ = {isa = PBXFileReference; lastKnownFileType = file.storyboard; name = Base; path = Base.lproj/Main.storyboard; sourceTree = "<group>"; };
		9B4548D327AE13AC00EFBD55 /* Assets.xcassets */ = {isa = PBXFileReference; lastKnownFileType = folder.assetcatalog; path = Assets.xcassets; sourceTree = "<group>"; };
		9B4548D627AE13AC00EFBD55 /* Base */ = {isa = PBXFileReference; lastKnownFileType = file.storyboard; name = Base; path = Base.lproj/LaunchScreen.storyboard; sourceTree = "<group>"; };
		9B4548D827AE13AC00EFBD55 /* Info.plist */ = {isa = PBXFileReference; lastKnownFileType = text.plist.xml; path = Info.plist; sourceTree = "<group>"; };
		9B4548DD27AE13AC00EFBD55 /* FlixTests.xctest */ = {isa = PBXFileReference; explicitFileType = wrapper.cfbundle; includeInIndex = 0; path = FlixTests.xctest; sourceTree = BUILT_PRODUCTS_DIR; };
		9B4548E127AE13AC00EFBD55 /* FlixTests.swift */ = {isa = PBXFileReference; lastKnownFileType = sourcecode.swift; path = FlixTests.swift; sourceTree = "<group>"; };
		9B4548E327AE13AC00EFBD55 /* Info.plist */ = {isa = PBXFileReference; lastKnownFileType = text.plist.xml; path = Info.plist; sourceTree = "<group>"; };
		9B4548E827AE13AC00EFBD55 /* FlixUITests.xctest */ = {isa = PBXFileReference; explicitFileType = wrapper.cfbundle; includeInIndex = 0; path = FlixUITests.xctest; sourceTree = BUILT_PRODUCTS_DIR; };
		9B4548EC27AE13AC00EFBD55 /* FlixUITests.swift */ = {isa = PBXFileReference; lastKnownFileType = sourcecode.swift; path = FlixUITests.swift; sourceTree = "<group>"; };
		9B4548EE27AE13AC00EFBD55 /* Info.plist */ = {isa = PBXFileReference; lastKnownFileType = text.plist.xml; path = Info.plist; sourceTree = "<group>"; };
		9B518CCA27B5E36100BEE36F /* MovieCell.swift */ = {isa = PBXFileReference; lastKnownFileType = sourcecode.swift; path = MovieCell.swift; sourceTree = "<group>"; };
		AB177245346586E90D908182 /* Pods-Flix.release.xcconfig */ = {isa = PBXFileReference; includeInIndex = 1; lastKnownFileType = text.xcconfig; name = "Pods-Flix.release.xcconfig"; path = "Target Support Files/Pods-Flix/Pods-Flix.release.xcconfig"; sourceTree = "<group>"; };
		B7111E1640D5DE50396676BF /* Pods-FlixTests.release.xcconfig */ = {isa = PBXFileReference; includeInIndex = 1; lastKnownFileType = text.xcconfig; name = "Pods-FlixTests.release.xcconfig"; path = "Target Support Files/Pods-FlixTests/Pods-FlixTests.release.xcconfig"; sourceTree = "<group>"; };
		F13E3E47207DA5C7D169F1B4 /* Pods-Flix-FlixUITests.debug.xcconfig */ = {isa = PBXFileReference; includeInIndex = 1; lastKnownFileType = text.xcconfig; name = "Pods-Flix-FlixUITests.debug.xcconfig"; path = "Target Support Files/Pods-Flix-FlixUITests/Pods-Flix-FlixUITests.debug.xcconfig"; sourceTree = "<group>"; };
		F81E2C0FD9ED07AE0D8B3384 /* Pods-Flix-FlixUITests.release.xcconfig */ = {isa = PBXFileReference; includeInIndex = 1; lastKnownFileType = text.xcconfig; name = "Pods-Flix-FlixUITests.release.xcconfig"; path = "Target Support Files/Pods-Flix-FlixUITests/Pods-Flix-FlixUITests.release.xcconfig"; sourceTree = "<group>"; };
/* End PBXFileReference section */

/* Begin PBXFrameworksBuildPhase section */
		9B4548C427AE13AA00EFBD55 /* Frameworks */ = {
			isa = PBXFrameworksBuildPhase;
			buildActionMask = 2147483647;
			files = (
				119AF23C7923952C395DB7FE /* Pods_Flix.framework in Frameworks */,
			);
			runOnlyForDeploymentPostprocessing = 0;
		};
		9B4548DA27AE13AC00EFBD55 /* Frameworks */ = {
			isa = PBXFrameworksBuildPhase;
			buildActionMask = 2147483647;
			files = (
				04943E19E37C85D67BF64844 /* Pods_FlixTests.framework in Frameworks */,
			);
			runOnlyForDeploymentPostprocessing = 0;
		};
		9B4548E527AE13AC00EFBD55 /* Frameworks */ = {
			isa = PBXFrameworksBuildPhase;
			buildActionMask = 2147483647;
			files = (
				FDF5D710635EF41890834BC4 /* Pods_Flix_FlixUITests.framework in Frameworks */,
			);
			runOnlyForDeploymentPostprocessing = 0;
		};
/* End PBXFrameworksBuildPhase section */

/* Begin PBXGroup section */
		1BB3853090DAE4EBFF912B9E /* Frameworks */ = {
			isa = PBXGroup;
			children = (
				0B890B737C1AB108457EDA5B /* Pods_Flix.framework */,
				7976FAC0EEE5C434CD44F278 /* Pods_Flix_FlixUITests.framework */,
				5679B0C84CD424306945ADD6 /* Pods_FlixTests.framework */,
			);
			name = Frameworks;
			sourceTree = "<group>";
		};
		9B4548BE27AE13A900EFBD55 = {
			isa = PBXGroup;
			children = (
				9B518CCA27B5E36100BEE36F /* MovieCell.swift */,
				9B4548C927AE13AA00EFBD55 /* Flix */,
				9B4548E027AE13AC00EFBD55 /* FlixTests */,
				9B4548EB27AE13AC00EFBD55 /* FlixUITests */,
				9B4548C827AE13AA00EFBD55 /* Products */,
				D426422E68D2BF14BFA24BB7 /* Pods */,
				1BB3853090DAE4EBFF912B9E /* Frameworks */,
			);
			sourceTree = "<group>";
		};
		9B4548C827AE13AA00EFBD55 /* Products */ = {
			isa = PBXGroup;
			children = (
				9B4548C727AE13AA00EFBD55 /* Flix.app */,
				9B4548DD27AE13AC00EFBD55 /* FlixTests.xctest */,
				9B4548E827AE13AC00EFBD55 /* FlixUITests.xctest */,
			);
			name = Products;
			sourceTree = "<group>";
		};
		9B4548C927AE13AA00EFBD55 /* Flix */ = {
			isa = PBXGroup;
			children = (
				9B4548CA27AE13AA00EFBD55 /* AppDelegate.swift */,
				9B4548CC27AE13AA00EFBD55 /* SceneDelegate.swift */,
				9B4548CE27AE13AA00EFBD55 /* ViewController.swift */,
				9B4548D027AE13AA00EFBD55 /* Main.storyboard */,
				9B4548D327AE13AC00EFBD55 /* Assets.xcassets */,
				9B4548D527AE13AC00EFBD55 /* LaunchScreen.storyboard */,
				9B4548D827AE13AC00EFBD55 /* Info.plist */,
			);
			path = Flix;
			sourceTree = "<group>";
		};
		9B4548E027AE13AC00EFBD55 /* FlixTests */ = {
			isa = PBXGroup;
			children = (
				9B4548E127AE13AC00EFBD55 /* FlixTests.swift */,
				9B4548E327AE13AC00EFBD55 /* Info.plist */,
			);
			path = FlixTests;
			sourceTree = "<group>";
		};
		9B4548EB27AE13AC00EFBD55 /* FlixUITests */ = {
			isa = PBXGroup;
			children = (
				9B4548EC27AE13AC00EFBD55 /* FlixUITests.swift */,
				9B4548EE27AE13AC00EFBD55 /* Info.plist */,
			);
			path = FlixUITests;
			sourceTree = "<group>";
		};
		D426422E68D2BF14BFA24BB7 /* Pods */ = {
			isa = PBXGroup;
			children = (
				54EECDC0759CFBC417871F7F /* Pods-Flix.debug.xcconfig */,
				AB177245346586E90D908182 /* Pods-Flix.release.xcconfig */,
				F13E3E47207DA5C7D169F1B4 /* Pods-Flix-FlixUITests.debug.xcconfig */,
				F81E2C0FD9ED07AE0D8B3384 /* Pods-Flix-FlixUITests.release.xcconfig */,
				9184CE23E34AADBAD1190659 /* Pods-FlixTests.debug.xcconfig */,
				B7111E1640D5DE50396676BF /* Pods-FlixTests.release.xcconfig */,
			);
			name = Pods;
			path = Pods;
			sourceTree = "<group>";
		};
/* End PBXGroup section */

/* Begin PBXNativeTarget section */
		9B4548C627AE13AA00EFBD55 /* Flix */ = {
			isa = PBXNativeTarget;
			buildConfigurationList = 9B4548F127AE13AC00EFBD55 /* Build configuration list for PBXNativeTarget "Flix" */;
			buildPhases = (
				AE64FCF918108E7B4D73229E /* [CP] Check Pods Manifest.lock */,
				9B4548C327AE13AA00EFBD55 /* Sources */,
				9B4548C427AE13AA00EFBD55 /* Frameworks */,
				9B4548C527AE13AA00EFBD55 /* Resources */,
				E708C8E7B3CCC73F3542B432 /* [CP] Embed Pods Frameworks */,
			);
			buildRules = (
			);
			dependencies = (
			);
			name = Flix;
			productName = Flix;
			productReference = 9B4548C727AE13AA00EFBD55 /* Flix.app */;
			productType = "com.apple.product-type.application";
		};
		9B4548DC27AE13AC00EFBD55 /* FlixTests */ = {
			isa = PBXNativeTarget;
			buildConfigurationList = 9B4548F427AE13AC00EFBD55 /* Build configuration list for PBXNativeTarget "FlixTests" */;
			buildPhases = (
				15E39ADAFEF0A2BA368D2C65 /* [CP] Check Pods Manifest.lock */,
				9B4548D927AE13AC00EFBD55 /* Sources */,
				9B4548DA27AE13AC00EFBD55 /* Frameworks */,
				9B4548DB27AE13AC00EFBD55 /* Resources */,
			);
			buildRules = (
			);
			dependencies = (
				9B4548DF27AE13AC00EFBD55 /* PBXTargetDependency */,
			);
			name = FlixTests;
			productName = FlixTests;
			productReference = 9B4548DD27AE13AC00EFBD55 /* FlixTests.xctest */;
			productType = "com.apple.product-type.bundle.unit-test";
		};
		9B4548E727AE13AC00EFBD55 /* FlixUITests */ = {
			isa = PBXNativeTarget;
			buildConfigurationList = 9B4548F727AE13AC00EFBD55 /* Build configuration list for PBXNativeTarget "FlixUITests" */;
			buildPhases = (
				BAB8867292E816C8E92801A7 /* [CP] Check Pods Manifest.lock */,
				9B4548E427AE13AC00EFBD55 /* Sources */,
				9B4548E527AE13AC00EFBD55 /* Frameworks */,
				9B4548E627AE13AC00EFBD55 /* Resources */,
				0E866C81ED146F9A0394D67E /* [CP] Embed Pods Frameworks */,
			);
			buildRules = (
			);
			dependencies = (
				9B4548EA27AE13AC00EFBD55 /* PBXTargetDependency */,
			);
			name = FlixUITests;
			productName = FlixUITests;
			productReference = 9B4548E827AE13AC00EFBD55 /* FlixUITests.xctest */;
			productType = "com.apple.product-type.bundle.ui-testing";
		};
/* End PBXNativeTarget section */

/* Begin PBXProject section */
		9B4548BF27AE13A900EFBD55 /* Project object */ = {
			isa = PBXProject;
			attributes = {
				LastSwiftUpdateCheck = 1250;
				LastUpgradeCheck = 1250;
				TargetAttributes = {
					9B4548C627AE13AA00EFBD55 = {
						CreatedOnToolsVersion = 12.5;
					};
					9B4548DC27AE13AC00EFBD55 = {
						CreatedOnToolsVersion = 12.5;
						TestTargetID = 9B4548C627AE13AA00EFBD55;
					};
					9B4548E727AE13AC00EFBD55 = {
						CreatedOnToolsVersion = 12.5;
						TestTargetID = 9B4548C627AE13AA00EFBD55;
					};
				};
			};
			buildConfigurationList = 9B4548C227AE13A900EFBD55 /* Build configuration list for PBXProject "Flix" */;
			compatibilityVersion = "Xcode 9.3";
			developmentRegion = en;
			hasScannedForEncodings = 0;
			knownRegions = (
				en,
				Base,
			);
			mainGroup = 9B4548BE27AE13A900EFBD55;
			productRefGroup = 9B4548C827AE13AA00EFBD55 /* Products */;
			projectDirPath = "";
			projectRoot = "";
			targets = (
				9B4548C627AE13AA00EFBD55 /* Flix */,
				9B4548DC27AE13AC00EFBD55 /* FlixTests */,
				9B4548E727AE13AC00EFBD55 /* FlixUITests */,
			);
		};
/* End PBXProject section */

/* Begin PBXResourcesBuildPhase section */
		9B4548C527AE13AA00EFBD55 /* Resources */ = {
			isa = PBXResourcesBuildPhase;
			buildActionMask = 2147483647;
			files = (
				9B4548D727AE13AC00EFBD55 /* LaunchScreen.storyboard in Resources */,
				9B4548D427AE13AC00EFBD55 /* Assets.xcassets in Resources */,
				9B4548D227AE13AA00EFBD55 /* Main.storyboard in Resources */,
			);
			runOnlyForDeploymentPostprocessing = 0;
		};
		9B4548DB27AE13AC00EFBD55 /* Resources */ = {
			isa = PBXResourcesBuildPhase;
			buildActionMask = 2147483647;
			files = (
			);
			runOnlyForDeploymentPostprocessing = 0;
		};
		9B4548E627AE13AC00EFBD55 /* Resources */ = {
			isa = PBXResourcesBuildPhase;
			buildActionMask = 2147483647;
			files = (
			);
			runOnlyForDeploymentPostprocessing = 0;
		};
/* End PBXResourcesBuildPhase section */

/* Begin PBXShellScriptBuildPhase section */
		0E866C81ED146F9A0394D67E /* [CP] Embed Pods Frameworks */ = {
			isa = PBXShellScriptBuildPhase;
			buildActionMask = 2147483647;
			files = (
			);
			inputFileListPaths = (
				"${PODS_ROOT}/Target Support Files/Pods-Flix-FlixUITests/Pods-Flix-FlixUITests-frameworks-${CONFIGURATION}-input-files.xcfilelist",
			);
			name = "[CP] Embed Pods Frameworks";
			outputFileListPaths = (
				"${PODS_ROOT}/Target Support Files/Pods-Flix-FlixUITests/Pods-Flix-FlixUITests-frameworks-${CONFIGURATION}-output-files.xcfilelist",
			);
			runOnlyForDeploymentPostprocessing = 0;
			shellPath = /bin/sh;
			shellScript = "\"${PODS_ROOT}/Target Support Files/Pods-Flix-FlixUITests/Pods-Flix-FlixUITests-frameworks.sh\"\n";
			showEnvVarsInLog = 0;
		};
		15E39ADAFEF0A2BA368D2C65 /* [CP] Check Pods Manifest.lock */ = {
			isa = PBXShellScriptBuildPhase;
			buildActionMask = 2147483647;
			files = (
			);
			inputFileListPaths = (
			);
			inputPaths = (
				"${PODS_PODFILE_DIR_PATH}/Podfile.lock",
				"${PODS_ROOT}/Manifest.lock",
			);
			name = "[CP] Check Pods Manifest.lock";
			outputFileListPaths = (
			);
			outputPaths = (
				"$(DERIVED_FILE_DIR)/Pods-FlixTests-checkManifestLockResult.txt",
			);
			runOnlyForDeploymentPostprocessing = 0;
			shellPath = /bin/sh;
			shellScript = "diff \"${PODS_PODFILE_DIR_PATH}/Podfile.lock\" \"${PODS_ROOT}/Manifest.lock\" > /dev/null\nif [ $? != 0 ] ; then\n    # print error to STDERR\n    echo \"error: The sandbox is not in sync with the Podfile.lock. Run 'pod install' or update your CocoaPods installation.\" >&2\n    exit 1\nfi\n# This output is used by Xcode 'outputs' to avoid re-running this script phase.\necho \"SUCCESS\" > \"${SCRIPT_OUTPUT_FILE_0}\"\n";
			showEnvVarsInLog = 0;
		};
		AE64FCF918108E7B4D73229E /* [CP] Check Pods Manifest.lock */ = {
			isa = PBXShellScriptBuildPhase;
			buildActionMask = 2147483647;
			files = (
			);
			inputFileListPaths = (
			);
			inputPaths = (
				"${PODS_PODFILE_DIR_PATH}/Podfile.lock",
				"${PODS_ROOT}/Manifest.lock",
			);
			name = "[CP] Check Pods Manifest.lock";
			outputFileListPaths = (
			);
			outputPaths = (
				"$(DERIVED_FILE_DIR)/Pods-Flix-checkManifestLockResult.txt",
			);
			runOnlyForDeploymentPostprocessing = 0;
			shellPath = /bin/sh;
			shellScript = "diff \"${PODS_PODFILE_DIR_PATH}/Podfile.lock\" \"${PODS_ROOT}/Manifest.lock\" > /dev/null\nif [ $? != 0 ] ; then\n    # print error to STDERR\n    echo \"error: The sandbox is not in sync with the Podfile.lock. Run 'pod install' or update your CocoaPods installation.\" >&2\n    exit 1\nfi\n# This output is used by Xcode 'outputs' to avoid re-running this script phase.\necho \"SUCCESS\" > \"${SCRIPT_OUTPUT_FILE_0}\"\n";
			showEnvVarsInLog = 0;
		};
		BAB8867292E816C8E92801A7 /* [CP] Check Pods Manifest.lock */ = {
			isa = PBXShellScriptBuildPhase;
			buildActionMask = 2147483647;
			files = (
			);
			inputFileListPaths = (
			);
			inputPaths = (
				"${PODS_PODFILE_DIR_PATH}/Podfile.lock",
				"${PODS_ROOT}/Manifest.lock",
			);
			name = "[CP] Check Pods Manifest.lock";
			outputFileListPaths = (
			);
			outputPaths = (
				"$(DERIVED_FILE_DIR)/Pods-Flix-FlixUITests-checkManifestLockResult.txt",
			);
			runOnlyForDeploymentPostprocessing = 0;
			shellPath = /bin/sh;
			shellScript = "diff \"${PODS_PODFILE_DIR_PATH}/Podfile.lock\" \"${PODS_ROOT}/Manifest.lock\" > /dev/null\nif [ $? != 0 ] ; then\n    # print error to STDERR\n    echo \"error: The sandbox is not in sync with the Podfile.lock. Run 'pod install' or update your CocoaPods installation.\" >&2\n    exit 1\nfi\n# This output is used by Xcode 'outputs' to avoid re-running this script phase.\necho \"SUCCESS\" > \"${SCRIPT_OUTPUT_FILE_0}\"\n";
			showEnvVarsInLog = 0;
		};
		E708C8E7B3CCC73F3542B432 /* [CP] Embed Pods Frameworks */ = {
			isa = PBXShellScriptBuildPhase;
			buildActionMask = 2147483647;
			files = (
			);
			inputFileListPaths = (
				"${PODS_ROOT}/Target Support Files/Pods-Flix/Pods-Flix-frameworks-${CONFIGURATION}-input-files.xcfilelist",
			);
			name = "[CP] Embed Pods Frameworks";
			outputFileListPaths = (
				"${PODS_ROOT}/Target Support Files/Pods-Flix/Pods-Flix-frameworks-${CONFIGURATION}-output-files.xcfilelist",
			);
			runOnlyForDeploymentPostprocessing = 0;
			shellPath = /bin/sh;
			shellScript = "\"${PODS_ROOT}/Target Support Files/Pods-Flix/Pods-Flix-frameworks.sh\"\n";
			showEnvVarsInLog = 0;
		};
/* End PBXShellScriptBuildPhase section */

/* Begin PBXSourcesBuildPhase section */
		9B4548C327AE13AA00EFBD55 /* Sources */ = {
			isa = PBXSourcesBuildPhase;
			buildActionMask = 2147483647;
			files = (
				9B4548CF27AE13AA00EFBD55 /* ViewController.swift in Sources */,
				9B4548CB27AE13AA00EFBD55 /* AppDelegate.swift in Sources */,
				9B518CCB27B5E36100BEE36F /* MovieCell.swift in Sources */,
				9B4548CD27AE13AA00EFBD55 /* SceneDelegate.swift in Sources */,
			);
			runOnlyForDeploymentPostprocessing = 0;
		};
		9B4548D927AE13AC00EFBD55 /* Sources */ = {
			isa = PBXSourcesBuildPhase;
			buildActionMask = 2147483647;
			files = (
				9B4548E227AE13AC00EFBD55 /* FlixTests.swift in Sources */,
			);
			runOnlyForDeploymentPostprocessing = 0;
		};
		9B4548E427AE13AC00EFBD55 /* Sources */ = {
			isa = PBXSourcesBuildPhase;
			buildActionMask = 2147483647;
			files = (
				9B4548ED27AE13AC00EFBD55 /* FlixUITests.swift in Sources */,
			);
			runOnlyForDeploymentPostprocessing = 0;
		};
/* End PBXSourcesBuildPhase section */

/* Begin PBXTargetDependency section */
		9B4548DF27AE13AC00EFBD55 /* PBXTargetDependency */ = {
			isa = PBXTargetDependency;
			target = 9B4548C627AE13AA00EFBD55 /* Flix */;
			targetProxy = 9B4548DE27AE13AC00EFBD55 /* PBXContainerItemProxy */;
		};
		9B4548EA27AE13AC00EFBD55 /* PBXTargetDependency */ = {
			isa = PBXTargetDependency;
			target = 9B4548C627AE13AA00EFBD55 /* Flix */;
			targetProxy = 9B4548E927AE13AC00EFBD55 /* PBXContainerItemProxy */;
		};
/* End PBXTargetDependency section */

/* Begin PBXVariantGroup section */
		9B4548D027AE13AA00EFBD55 /* Main.storyboard */ = {
			isa = PBXVariantGroup;
			children = (
				9B4548D127AE13AA00EFBD55 /* Base */,
			);
			name = Main.storyboard;
			sourceTree = "<group>";
		};
		9B4548D527AE13AC00EFBD55 /* LaunchScreen.storyboard */ = {
			isa = PBXVariantGroup;
			children = (
				9B4548D627AE13AC00EFBD55 /* Base */,
			);
			name = LaunchScreen.storyboard;
			sourceTree = "<group>";
		};
/* End PBXVariantGroup section */

/* Begin XCBuildConfiguration section */
		9B4548EF27AE13AC00EFBD55 /* Debug */ = {
			isa = XCBuildConfiguration;
			buildSettings = {
				ALWAYS_SEARCH_USER_PATHS = NO;
				CLANG_ANALYZER_NONNULL = YES;
				CLANG_ANALYZER_NUMBER_OBJECT_CONVERSION = YES_AGGRESSIVE;
				CLANG_CXX_LANGUAGE_STANDARD = "gnu++14";
				CLANG_CXX_LIBRARY = "libc++";
				CLANG_ENABLE_MODULES = YES;
				CLANG_ENABLE_OBJC_ARC = YES;
				CLANG_ENABLE_OBJC_WEAK = YES;
				CLANG_WARN_BLOCK_CAPTURE_AUTORELEASING = YES;
				CLANG_WARN_BOOL_CONVERSION = YES;
				CLANG_WARN_COMMA = YES;
				CLANG_WARN_CONSTANT_CONVERSION = YES;
				CLANG_WARN_DEPRECATED_OBJC_IMPLEMENTATIONS = YES;
				CLANG_WARN_DIRECT_OBJC_ISA_USAGE = YES_ERROR;
				CLANG_WARN_DOCUMENTATION_COMMENTS = YES;
				CLANG_WARN_EMPTY_BODY = YES;
				CLANG_WARN_ENUM_CONVERSION = YES;
				CLANG_WARN_INFINITE_RECURSION = YES;
				CLANG_WARN_INT_CONVERSION = YES;
				CLANG_WARN_NON_LITERAL_NULL_CONVERSION = YES;
				CLANG_WARN_OBJC_IMPLICIT_RETAIN_SELF = YES;
				CLANG_WARN_OBJC_LITERAL_CONVERSION = YES;
				CLANG_WARN_OBJC_ROOT_CLASS = YES_ERROR;
				CLANG_WARN_QUOTED_INCLUDE_IN_FRAMEWORK_HEADER = YES;
				CLANG_WARN_RANGE_LOOP_ANALYSIS = YES;
				CLANG_WARN_STRICT_PROTOTYPES = YES;
				CLANG_WARN_SUSPICIOUS_MOVE = YES;
				CLANG_WARN_UNGUARDED_AVAILABILITY = YES_AGGRESSIVE;
				CLANG_WARN_UNREACHABLE_CODE = YES;
				CLANG_WARN__DUPLICATE_METHOD_MATCH = YES;
				COPY_PHASE_STRIP = NO;
				DEBUG_INFORMATION_FORMAT = dwarf;
				ENABLE_STRICT_OBJC_MSGSEND = YES;
				ENABLE_TESTABILITY = YES;
				GCC_C_LANGUAGE_STANDARD = gnu11;
				GCC_DYNAMIC_NO_PIC = NO;
				GCC_NO_COMMON_BLOCKS = YES;
				GCC_OPTIMIZATION_LEVEL = 0;
				GCC_PREPROCESSOR_DEFINITIONS = (
					"DEBUG=1",
					"$(inherited)",
				);
				GCC_WARN_64_TO_32_BIT_CONVERSION = YES;
				GCC_WARN_ABOUT_RETURN_TYPE = YES_ERROR;
				GCC_WARN_UNDECLARED_SELECTOR = YES;
				GCC_WARN_UNINITIALIZED_AUTOS = YES_AGGRESSIVE;
				GCC_WARN_UNUSED_FUNCTION = YES;
				GCC_WARN_UNUSED_VARIABLE = YES;
				IPHONEOS_DEPLOYMENT_TARGET = 14.5;
				MTL_ENABLE_DEBUG_INFO = INCLUDE_SOURCE;
				MTL_FAST_MATH = YES;
				ONLY_ACTIVE_ARCH = YES;
				SDKROOT = iphoneos;
				SWIFT_ACTIVE_COMPILATION_CONDITIONS = DEBUG;
				SWIFT_OPTIMIZATION_LEVEL = "-Onone";
			};
			name = Debug;
		};
		9B4548F027AE13AC00EFBD55 /* Release */ = {
			isa = XCBuildConfiguration;
			buildSettings = {
				ALWAYS_SEARCH_USER_PATHS = NO;
				CLANG_ANALYZER_NONNULL = YES;
				CLANG_ANALYZER_NUMBER_OBJECT_CONVERSION = YES_AGGRESSIVE;
				CLANG_CXX_LANGUAGE_STANDARD = "gnu++14";
				CLANG_CXX_LIBRARY = "libc++";
				CLANG_ENABLE_MODULES = YES;
				CLANG_ENABLE_OBJC_ARC = YES;
				CLANG_ENABLE_OBJC_WEAK = YES;
				CLANG_WARN_BLOCK_CAPTURE_AUTORELEASING = YES;
				CLANG_WARN_BOOL_CONVERSION = YES;
				CLANG_WARN_COMMA = YES;
				CLANG_WARN_CONSTANT_CONVERSION = YES;
				CLANG_WARN_DEPRECATED_OBJC_IMPLEMENTATIONS = YES;
				CLANG_WARN_DIRECT_OBJC_ISA_USAGE = YES_ERROR;
				CLANG_WARN_DOCUMENTATION_COMMENTS = YES;
				CLANG_WARN_EMPTY_BODY = YES;
				CLANG_WARN_ENUM_CONVERSION = YES;
				CLANG_WARN_INFINITE_RECURSION = YES;
				CLANG_WARN_INT_CONVERSION = YES;
				CLANG_WARN_NON_LITERAL_NULL_CONVERSION = YES;
				CLANG_WARN_OBJC_IMPLICIT_RETAIN_SELF = YES;
				CLANG_WARN_OBJC_LITERAL_CONVERSION = YES;
				CLANG_WARN_OBJC_ROOT_CLASS = YES_ERROR;
				CLANG_WARN_QUOTED_INCLUDE_IN_FRAMEWORK_HEADER = YES;
				CLANG_WARN_RANGE_LOOP_ANALYSIS = YES;
				CLANG_WARN_STRICT_PROTOTYPES = YES;
				CLANG_WARN_SUSPICIOUS_MOVE = YES;
				CLANG_WARN_UNGUARDED_AVAILABILITY = YES_AGGRESSIVE;
				CLANG_WARN_UNREACHABLE_CODE = YES;
				CLANG_WARN__DUPLICATE_METHOD_MATCH = YES;
				COPY_PHASE_STRIP = NO;
				DEBUG_INFORMATION_FORMAT = "dwarf-with-dsym";
				ENABLE_NS_ASSERTIONS = NO;
				ENABLE_STRICT_OBJC_MSGSEND = YES;
				GCC_C_LANGUAGE_STANDARD = gnu11;
				GCC_NO_COMMON_BLOCKS = YES;
				GCC_WARN_64_TO_32_BIT_CONVERSION = YES;
				GCC_WARN_ABOUT_RETURN_TYPE = YES_ERROR;
				GCC_WARN_UNDECLARED_SELECTOR = YES;
				GCC_WARN_UNINITIALIZED_AUTOS = YES_AGGRESSIVE;
				GCC_WARN_UNUSED_FUNCTION = YES;
				GCC_WARN_UNUSED_VARIABLE = YES;
				IPHONEOS_DEPLOYMENT_TARGET = 14.5;
				MTL_ENABLE_DEBUG_INFO = NO;
				MTL_FAST_MATH = YES;
				SDKROOT = iphoneos;
				SWIFT_COMPILATION_MODE = wholemodule;
				SWIFT_OPTIMIZATION_LEVEL = "-O";
				VALIDATE_PRODUCT = YES;
			};
			name = Release;
		};
		9B4548F227AE13AC00EFBD55 /* Debug */ = {
			isa = XCBuildConfiguration;
			baseConfigurationReference = 54EECDC0759CFBC417871F7F /* Pods-Flix.debug.xcconfig */;
			buildSettings = {
				ASSETCATALOG_COMPILER_APPICON_NAME = AppIcon;
				ASSETCATALOG_COMPILER_GLOBAL_ACCENT_COLOR_NAME = AccentColor;
				CODE_SIGN_STYLE = Automatic;
				DEVELOPMENT_TEAM = J6343H6YZW;
				INFOPLIST_FILE = Flix/Info.plist;
				LD_RUNPATH_SEARCH_PATHS = (
					"$(inherited)",
					"@executable_path/Frameworks",
				);
				PRODUCT_BUNDLE_IDENTIFIER = com.ethantothefox.Flix;
				PRODUCT_NAME = "$(TARGET_NAME)";
				SWIFT_VERSION = 5.0;
				TARGETED_DEVICE_FAMILY = "1,2";
			};
			name = Debug;
		};
		9B4548F327AE13AC00EFBD55 /* Release */ = {
			isa = XCBuildConfiguration;
			baseConfigurationReference = AB177245346586E90D908182 /* Pods-Flix.release.xcconfig */;
			buildSettings = {
				ASSETCATALOG_COMPILER_APPICON_NAME = AppIcon;
				ASSETCATALOG_COMPILER_GLOBAL_ACCENT_COLOR_NAME = AccentColor;
				CODE_SIGN_STYLE = Automatic;
				DEVELOPMENT_TEAM = J6343H6YZW;
				INFOPLIST_FILE = Flix/Info.plist;
				LD_RUNPATH_SEARCH_PATHS = (
					"$(inherited)",
					"@executable_path/Frameworks",
				);
				PRODUCT_BUNDLE_IDENTIFIER = com.ethantothefox.Flix;
				PRODUCT_NAME = "$(TARGET_NAME)";
				SWIFT_VERSION = 5.0;
				TARGETED_DEVICE_FAMILY = "1,2";
			};
			name = Release;
		};
		9B4548F527AE13AC00EFBD55 /* Debug */ = {
			isa = XCBuildConfiguration;
			baseConfigurationReference = 9184CE23E34AADBAD1190659 /* Pods-FlixTests.debug.xcconfig */;
			buildSettings = {
				ALWAYS_EMBED_SWIFT_STANDARD_LIBRARIES = YES;
				BUNDLE_LOADER = "$(TEST_HOST)";
				CODE_SIGN_STYLE = Automatic;
				DEVELOPMENT_TEAM = J6343H6YZW;
				INFOPLIST_FILE = FlixTests/Info.plist;
				IPHONEOS_DEPLOYMENT_TARGET = 14.5;
				LD_RUNPATH_SEARCH_PATHS = (
					"$(inherited)",
					"@executable_path/Frameworks",
					"@loader_path/Frameworks",
				);
				PRODUCT_BUNDLE_IDENTIFIER = com.ethantothefox.FlixTests;
				PRODUCT_NAME = "$(TARGET_NAME)";
				SWIFT_VERSION = 5.0;
				TARGETED_DEVICE_FAMILY = "1,2";
				TEST_HOST = "$(BUILT_PRODUCTS_DIR)/Flix.app/Flix";
			};
			name = Debug;
		};
		9B4548F627AE13AC00EFBD55 /* Release */ = {
			isa = XCBuildConfiguration;
			baseConfigurationReference = B7111E1640D5DE50396676BF /* Pods-FlixTests.release.xcconfig */;
			buildSettings = {
				ALWAYS_EMBED_SWIFT_STANDARD_LIBRARIES = YES;
				BUNDLE_LOADER = "$(TEST_HOST)";
				CODE_SIGN_STYLE = Automatic;
				DEVELOPMENT_TEAM = J6343H6YZW;
				INFOPLIST_FILE = FlixTests/Info.plist;
				IPHONEOS_DEPLOYMENT_TARGET = 14.5;
				LD_RUNPATH_SEARCH_PATHS = (
					"$(inherited)",
					"@executable_path/Frameworks",
					"@loader_path/Frameworks",
				);
				PRODUCT_BUNDLE_IDENTIFIER = com.ethantothefox.FlixTests;
				PRODUCT_NAME = "$(TARGET_NAME)";
				SWIFT_VERSION = 5.0;
				TARGETED_DEVICE_FAMILY = "1,2";
				TEST_HOST = "$(BUILT_PRODUCTS_DIR)/Flix.app/Flix";
			};
			name = Release;
		};
		9B4548F827AE13AC00EFBD55 /* Debug */ = {
			isa = XCBuildConfiguration;
			baseConfigurationReference = F13E3E47207DA5C7D169F1B4 /* Pods-Flix-FlixUITests.debug.xcconfig */;
			buildSettings = {
				ALWAYS_EMBED_SWIFT_STANDARD_LIBRARIES = YES;
				CODE_SIGN_STYLE = Automatic;
				DEVELOPMENT_TEAM = J6343H6YZW;
				INFOPLIST_FILE = FlixUITests/Info.plist;
				LD_RUNPATH_SEARCH_PATHS = (
					"$(inherited)",
					"@executable_path/Frameworks",
					"@loader_path/Frameworks",
				);
				PRODUCT_BUNDLE_IDENTIFIER = com.ethantothefox.FlixUITests;
				PRODUCT_NAME = "$(TARGET_NAME)";
				SWIFT_VERSION = 5.0;
				TARGETED_DEVICE_FAMILY = "1,2";
				TEST_TARGET_NAME = Flix;
			};
			name = Debug;
		};
		9B4548F927AE13AC00EFBD55 /* Release */ = {
			isa = XCBuildConfiguration;
			baseConfigurationReference = F81E2C0FD9ED07AE0D8B3384 /* Pods-Flix-FlixUITests.release.xcconfig */;
			buildSettings = {
				ALWAYS_EMBED_SWIFT_STANDARD_LIBRARIES = YES;
				CODE_SIGN_STYLE = Automatic;
				DEVELOPMENT_TEAM = J6343H6YZW;
				INFOPLIST_FILE = FlixUITests/Info.plist;
				LD_RUNPATH_SEARCH_PATHS = (
					"$(inherited)",
					"@executable_path/Frameworks",
					"@loader_path/Frameworks",
				);
				PRODUCT_BUNDLE_IDENTIFIER = com.ethantothefox.FlixUITests;
				PRODUCT_NAME = "$(TARGET_NAME)";
				SWIFT_VERSION = 5.0;
				TARGETED_DEVICE_FAMILY = "1,2";
				TEST_TARGET_NAME = Flix;
			};
			name = Release;
		};
/* End XCBuildConfiguration section */

/* Begin XCConfigurationList section */
		9B4548C227AE13A900EFBD55 /* Build configuration list for PBXProject "Flix" */ = {
			isa = XCConfigurationList;
			buildConfigurations = (
				9B4548EF27AE13AC00EFBD55 /* Debug */,
				9B4548F027AE13AC00EFBD55 /* Release */,
			);
			defaultConfigurationIsVisible = 0;
			defaultConfigurationName = Release;
		};
		9B4548F127AE13AC00EFBD55 /* Build configuration list for PBXNativeTarget "Flix" */ = {
			isa = XCConfigurationList;
			buildConfigurations = (
				9B4548F227AE13AC00EFBD55 /* Debug */,
				9B4548F327AE13AC00EFBD55 /* Release */,
			);
			defaultConfigurationIsVisible = 0;
			defaultConfigurationName = Release;
		};
		9B4548F427AE13AC00EFBD55 /* Build configuration list for PBXNativeTarget "FlixTests" */ = {
			isa = XCConfigurationList;
			buildConfigurations = (
				9B4548F527AE13AC00EFBD55 /* Debug */,
				9B4548F627AE13AC00EFBD55 /* Release */,
			);
			defaultConfigurationIsVisible = 0;
			defaultConfigurationName = Release;
		};
		9B4548F727AE13AC00EFBD55 /* Build configuration list for PBXNativeTarget "FlixUITests" */ = {
			isa = XCConfigurationList;
			buildConfigurations = (
				9B4548F827AE13AC00EFBD55 /* Debug */,
				9B4548F927AE13AC00EFBD55 /* Release */,
			);
			defaultConfigurationIsVisible = 0;
			defaultConfigurationName = Release;
		};
/* End XCConfigurationList section */
	};
	rootObject = 9B4548BF27AE13A900EFBD55 /* Project object */;
}
